
Microsoft Visual Studio Solution File, Format Version 12.00
# Visual Studio 15
Project("{FAE04EC0-301F-11D3-BF4B-00C04F79EFBC}") = "Assembly-CSharp", "Assembly-CSharp.csproj", "{E97C8EF6-2FAB-E782-8083-73E0AC4461ED}"
EndProject
Project("{FAE04EC0-301F-11D3-BF4B-00C04F79EFBC}") = "Assembly-CSharp-Editor", "Assembly-CSharp-Editor.csproj", "{3E08218B-AC1A-E9AF-E07F-C5D19272EB66}"
EndProject
Global
	GlobalSection(SolutionConfigurationPlatforms) = preSolution
		Debug|Any CPU = Debug|Any CPU
		Release|Any CPU = Release|Any CPU
	EndGlobalSection
	GlobalSection(ProjectConfigurationPlatforms) = postSolution
		{E97C8EF6-2FAB-E782-8083-73E0AC4461ED}.Debug|Any CPU.ActiveCfg = Debug|Any CPU
		{E97C8EF6-2FAB-E782-8083-73E0AC4461ED}.Debug|Any CPU.Build.0 = Debug|Any CPU
		{E97C8EF6-2FAB-E782-8083-73E0AC4461ED}.Release|Any CPU.ActiveCfg = Release|Any CPU
		{E97C8EF6-2FAB-E782-8083-73E0AC4461ED}.Release|Any CPU.Build.0 = Release|Any CPU
		{3E08218B-AC1A-E9AF-E07F-C5D19272EB66}.Debug|Any CPU.ActiveCfg = Debug|Any CPU
		{3E08218B-AC1A-E9AF-E07F-C5D19272EB66}.Debug|Any CPU.Build.0 = Debug|Any CPU
		{3E08218B-AC1A-E9AF-E07F-C5D19272EB66}.Release|Any CPU.ActiveCfg = Release|Any CPU
		{3E08218B-AC1A-E9AF-E07F-C5D19272EB66}.Release|Any CPU.Build.0 = Release|Any CPU
	EndGlobalSection
	GlobalSection(SolutionProperties) = preSolution
		HideSolutionNode = FALSE
	EndGlobalSection
EndGlobal
